{"SurveyEntry":{"SurveyID":"SV_ctJ8YRuzHnDqkLP","SurveyName":"BFI-2 Full measure and short forms","SurveyDescription":null,"SurveyOwnerID":"UR_bwp9JyMgqJILYxL","SurveyBrandID":"colby","DivisionID":null,"SurveyLanguage":"EN","SurveyActiveResponseSet":"RS_6WHveHP4ylgQFVP","SurveyStatus":"Inactive","SurveyStartDate":"0000-00-00 00:00:00","SurveyExpirationDate":"0000-00-00 00:00:00","SurveyCreationDate":"2020-03-03 11:13:29","CreatorID":"UR_bwp9JyMgqJILYxL","LastModified":"2020-03-03 11:27:17","LastAccessed":"0000-00-00 00:00:00","LastActivated":"0000-00-00 00:00:00","Deleted":null},"SurveyElements":[{"SurveyID":"SV_ctJ8YRuzHnDqkLP","Element":"BL","PrimaryAttribute":"Survey Blocks","SecondaryAttribute":null,"TertiaryAttribute":null,"Payload":[{"Type":"Default","Description":"BFI-2 Full measure (60 items)","ID":"BL_5yVcQG4pZo1TMFv","BlockElements":[{"Type":"Question","QuestionID":"QID2"}]},{"Type":"Trash","Description":"Trash \/ Unused Questions","ID":"BL_bJVRmjdocpfznQV","BlockElements":[{"Type":"Question","QuestionID":"QID1"}]},{"Type":"Standard","SubType":"","Description":"BFI-2-S Short form (30 items)","ID":"BL_0oWyBBHgUvPQbxb","BlockElements":[{"Type":"Question","QuestionID":"QID3"}]},{"Type":"Standard","SubType":"","Description":"BFI-2-XS Extra-short form (15 items)","ID":"BL_1Nb8W8IuyRmvolD","BlockElements":[{"Type":"Question","QuestionID":"QID4"}]}]},{"SurveyID":"SV_ctJ8YRuzHnDqkLP","Element":"FL","PrimaryAttribute":"Survey Flow","SecondaryAttribute":null,"TertiaryAttribute":null,"Payload":{"Flow":[{"ID":"BL_5yVcQG4pZo1TMFv","Type":"Block","FlowID":"FL_2"},{"ID":"BL_0oWyBBHgUvPQbxb","Type":"Standard","FlowID":"FL_3"},{"ID":"BL_1Nb8W8IuyRmvolD","Type":"Standard","FlowID":"FL_4"}],"Properties":{"Count":4},"FlowID":"FL_1","Type":"Root"}},{"SurveyID":"SV_ctJ8YRuzHnDqkLP","Element":"SO","PrimaryAttribute":"Survey Options","SecondaryAttribute":null,"TertiaryAttribute":null,"Payload":{"BackButton":"false","SaveAndContinue":"true","SurveyProtection":"PublicSurvey","BallotBoxStuffingPrevention":"false","NoIndex":"Yes","SecureResponseFiles":"true","SurveyExpiration":"None","SurveyTermination":"DefaultMessage","Header":"","Footer":"","ProgressBarDisplay":"None","PartialData":"+1 week","ValidationMessage":"","PreviousButton":" \u2190 ","NextButton":" \u2192 ","SurveyTitle":"Online Survey Software | Qualtrics Survey Solutions","SkinLibrary":"colby","SkinType":"MQ","Skin":"colby","NewScoring":1,"SurveyName":"BFI-2 Full measure and short forms"}},{"SurveyID":"SV_ctJ8YRuzHnDqkLP","Element":"SCO","PrimaryAttribute":"Scoring","SecondaryAttribute":null,"TertiaryAttribute":null,"Payload":{"ScoringCategories":[],"ScoringCategoryGroups":[],"ScoringSummaryCategory":null,"ScoringSummaryAfterQuestions":0,"ScoringSummaryAfterSurvey":0,"DefaultScoringCategory":null,"AutoScoringCategory":null}},{"SurveyID":"SV_ctJ8YRuzHnDqkLP","Element":"PROJ","PrimaryAttribute":"CORE","SecondaryAttribute":null,"TertiaryAttribute":"1.1.0","Payload":{"ProjectCategory":"CORE","SchemaVersion":"1.1.0"}},{"SurveyID":"SV_ctJ8YRuzHnDqkLP","Element":"STAT","PrimaryAttribute":"Survey Statistics","SecondaryAttribute":null,"TertiaryAttribute":null,"Payload":{"MobileCompatible":false,"ID":"Survey Statistics"}},{"SurveyID":"SV_ctJ8YRuzHnDqkLP","Element":"QC","PrimaryAttribute":"Survey Question Count","SecondaryAttribute":"4","TertiaryAttribute":null,"Payload":null},{"SurveyID":"SV_ctJ8YRuzHnDqkLP","Element":"SQ","PrimaryAttribute":"QID1","SecondaryAttribute":"Click to write the question text","TertiaryAttribute":null,"Payload":{"QuestionText":"Click to write the question text","DataExportTag":"Q1","QuestionType":"MC","Selector":"SAVR","SubSelector":"TX","Configuration":{"QuestionDescriptionOption":"UseText"},"QuestionDescription":"Click to write the question text","Choices":{"1":{"Display":"Click to write Choice 1"},"2":{"Display":"Click to write Choice 2"},"3":{"Display":"Click to write Choice 3"}},"ChoiceOrder":["1","2","3"],"Validation":{"Settings":{"ForceResponse":"OFF","ForceResponseType":"ON","Type":"None"}},"Language":[],"NextChoiceId":4,"NextAnswerId":1,"QuestionID":"QID1"}},{"SurveyID":"SV_ctJ8YRuzHnDqkLP","Element":"RS","PrimaryAttribute":"RS_6WHveHP4ylgQFVP","SecondaryAttribute":"Default Response Set","TertiaryAttribute":null,"Payload":null},{"SurveyID":"SV_ctJ8YRuzHnDqkLP","Element":"SQ","PrimaryAttribute":"QID2","SecondaryAttribute":"Your Personality \u00a0 Here are a number of characteristics that may or may not apply to you. For exa..","TertiaryAttribute":null,"Payload":{"QuestionText":"<div style=\"text-align: center;\"><strong>Your Personality<\/strong><\/div>\n\n<div>&nbsp;<\/div>\n\n<div>Here are a number of characteristics that may or may not apply to you. For example, do you agree that you are someone who&nbsp;<em>likes to spend time with others?<\/em>&nbsp;Please select a response to indicate the extent to which you agree or disagree with each statement.<\/div>\n\n<div>&nbsp;<\/div>\n\n<div>\n<div><em style=\"font-size: 16px;\"><strong>I am someone who...<\/strong><\/em><\/div>\n<\/div>","DefaultChoices":false,"DataExportTag":"BFI-2","QuestionType":"Matrix","Selector":"Likert","SubSelector":"SingleAnswer","DataVisibility":{"Private":false,"Hidden":false},"Configuration":{"QuestionDescriptionOption":"UseText","TextPosition":"inline","ChoiceColumnWidth":25,"ChoiceColumnWidthPixels":271,"RepeatHeaders":"middle","WhiteSpace":"OFF","MobileFirst":true},"QuestionDescription":"Your Personality \u00a0 Here are a number of characteristics that may or may not apply to you. For exa...","Choices":{"1":{"Display":"Is outgoing, sociable."},"2":{"Display":"Is compassionate, has a soft heart."},"3":{"Display":"Tends to be disorganized."},"4":{"Display":"Is relaxed, handles stress well."},"5":{"Display":"Has few artistic interests."},"6":{"Display":"Has an assertive personality."},"7":{"Display":"Is respectful, treats others with respect."},"8":{"Display":"Tends to be lazy."},"9":{"Display":"Stays optimistic after experiencing a setback."},"10":{"Display":"Is curious about many different things."},"11":{"Display":"Rarely feels excited or eager."},"12":{"Display":"Tends to find fault with others."},"13":{"Display":"Is dependable, steady."},"14":{"Display":"Is moody, has up and down mood swings."},"15":{"Display":"Is inventive, finds clever ways to do things."},"16":{"Display":"Tends to be quiet."},"17":{"Display":"Feels little sympathy for others."},"18":{"Display":"Is systematic, likes to keep things in order."},"19":{"Display":"Can be tense."},"20":{"Display":"Is fascinated by art, music, or literature."},"21":{"Display":"Is dominant, acts as a leader."},"22":{"Display":"Starts arguments with others."},"23":{"Display":"Has difficulty getting started on tasks."},"24":{"Display":"Feels secure, comfortable with self."},"25":{"Display":"Avoids intellectual, philosophical discussions."},"26":{"Display":"Is less active than other people."},"27":{"Display":"Has a forgiving nature."},"28":{"Display":"Can be somewhat careless."},"29":{"Display":"Is emotionally stable, not easily upset."},"30":{"Display":"Has little creativity."},"31":{"Display":"Is sometimes shy, introverted."},"32":{"Display":"Is helpful and unselfish with others."},"33":{"Display":"Keeps things neat and tidy."},"34":{"Display":"Worries a lot."},"35":{"Display":"Values art and beauty."},"36":{"Display":"Finds it hard to influence people."},"37":{"Display":"Is sometimes rude to others."},"38":{"Display":"Is efficient, gets things done."},"39":{"Display":"Often feels sad."},"40":{"Display":"Is complex, a deep thinker."},"41":{"Display":"Is full of energy."},"42":{"Display":"Is suspicious of others\u2019 intentions."},"43":{"Display":"Is reliable, can always be counted on."},"44":{"Display":"Keeps their emotions under control."},"45":{"Display":"Has difficulty imagining things."},"46":{"Display":"Is talkative."},"47":{"Display":"Can be cold and uncaring."},"48":{"Display":"Leaves a mess, doesn\u2019t clean up."},"49":{"Display":"Rarely feels anxious or afraid."},"50":{"Display":"Thinks poetry and plays are boring."},"51":{"Display":"Prefers to have others take charge."},"52":{"Display":"Is polite, courteous to others."},"53":{"Display":"Is persistent, works until the task is finished."},"54":{"Display":"Tends to feel depressed, blue."},"55":{"Display":"Has little interest in abstract ideas."},"56":{"Display":"Shows a lot of enthusiasm."},"57":{"Display":"Assumes the best about people."},"58":{"Display":"Sometimes behaves irresponsibly."},"59":{"Display":"Is temperamental, gets emotional easily."},"60":{"Display":"Is original, comes up with new ideas."}},"ChoiceOrder":[1,2,3,4,5,6,7,8,9,10,11,12,13,14,15,16,17,18,19,20,21,22,23,24,25,26,27,28,29,30,31,32,33,34,35,36,37,38,39,40,41,42,43,44,45,46,47,48,49,50,51,52,53,54,55,56,57,58,59,60],"Randomization":{"TotalRandSubset":"","Advanced":null,"Type":"All"},"Validation":{"Settings":{"ForceResponse":"RequestResponse","ForceResponseType":"RequestResponse","Type":"None"}},"GradingData":[],"Language":[],"NextChoiceId":61,"NextAnswerId":6,"Answers":{"1":{"Display":"Disagree     strongly"},"2":{"Display":"Disagree      a little"},"3":{"Display":"Neutral; no opinion"},"4":{"Display":"Agree      a little"},"5":{"Display":"Agree      strongly"}},"AnswerOrder":[1,2,3,4,5],"ChoiceDataExportTags":false,"QuestionID":"QID2"}},{"SurveyID":"SV_ctJ8YRuzHnDqkLP","Element":"SQ","PrimaryAttribute":"QID3","SecondaryAttribute":"Your Personality \u00a0 Here are a number of characteristics that may or may not apply to you. For exa..","TertiaryAttribute":null,"Payload":{"QuestionText":"<div style=\"text-align: center;\"><strong><span style=\"font-size: 15px;\">Your Personality<\/span><\/strong><\/div>\n\n<div><span style=\"font-size: 15px;\">&nbsp;<\/span><\/div>\n\n<div><span style=\"font-size: 15px;\">Here are a number of characteristics that may or may not apply to you. For example, do you agree that you are someone who likes to spend time with others? Please select a response to indicate the extent to which you agree or disagree with each statement.<\/span><\/div>\n\n<div><span style=\"font-size: 15px;\">&nbsp;<\/span><\/div>\n\n<div><em><strong><span style=\"font-size: 15px;\">I am someone who...<\/span><\/strong><\/em><\/div>","DefaultChoices":false,"DataExportTag":"BFI-2-S","QuestionType":"Matrix","Selector":"Likert","SubSelector":"SingleAnswer","Configuration":{"QuestionDescriptionOption":"UseText","TextPosition":"inline","ChoiceColumnWidth":25,"WhiteSpace":"OFF","MobileFirst":true,"RepeatHeaders":"middle"},"QuestionDescription":"Your Personality \u00a0 Here are a number of characteristics that may or may not apply to you. For exa...","Choices":{"1":{"Display":"Tends to be quiet."},"2":{"Display":"Is compassionate, has a soft heart."},"3":{"Display":"Tends to be disorganized."},"4":{"Display":"Worries a lot."},"5":{"Display":"Is fascinated by art, music, or literature."},"6":{"Display":"Is dominant, acts as a leader."},"7":{"Display":"Is sometimes rude to others."},"8":{"Display":"Has difficulty getting started on tasks."},"9":{"Display":"Tends to feel depressed, blue."},"10":{"Display":"Has little interest in abstract ideas."},"11":{"Display":"Is full of energy."},"12":{"Display":"Assumes the best about people."},"13":{"Display":"Is reliable, can always be counted on."},"14":{"Display":"Is emotionally stable, not easily upset."},"15":{"Display":"Is original, comes up with new ideas."},"16":{"Display":"Is outgoing, sociable."},"17":{"Display":"Can be cold and uncaring."},"18":{"Display":"Keeps things neat and tidy."},"19":{"Display":"Is relaxed, handles stress well."},"20":{"Display":"Has few artistic interests."},"21":{"Display":"Prefers to have others take charge."},"22":{"Display":"Is respectful, treats others with respect."},"23":{"Display":"Is persistent, works until the task is finished."},"24":{"Display":"Feels secure, comfortable with self."},"25":{"Display":"Is complex, a deep thinker."},"26":{"Display":"Is less active than other people."},"27":{"Display":"Tends to find fault with others."},"28":{"Display":"Can be somewhat careless."},"29":{"Display":"Is temperamental, gets emotional easily."},"30":{"Display":"Has little creativity."}},"ChoiceOrder":[1,2,3,4,5,6,7,8,9,10,11,12,13,14,15,16,17,18,19,20,21,22,23,24,25,26,27,28,29,30],"Validation":{"Settings":{"ForceResponse":"RequestResponse","ForceResponseType":"RequestResponse","Type":"None"}},"GradingData":[],"Language":[],"NextChoiceId":31,"NextAnswerId":6,"Answers":{"1":{"Display":"Disagree strongly"},"2":{"Display":"Disagree a little"},"3":{"Display":"Neutral; no opinion"},"4":{"Display":"Agree a little"},"5":{"Display":"Agree strongly"}},"AnswerOrder":[1,2,3,4,5],"ChoiceDataExportTags":false,"QuestionID":"QID3","Randomization":{"Advanced":null,"Type":"All","TotalRandSubset":""}}},{"SurveyID":"SV_ctJ8YRuzHnDqkLP","Element":"SQ","PrimaryAttribute":"QID4","SecondaryAttribute":"Your Personality \u00a0 Here are a number of characteristics that may or may not apply to you. For exa..","TertiaryAttribute":null,"Payload":{"QuestionText":"<div style=\"text-align: center;\"><strong><span style=\"font-size: 15px;\">Your Personality<\/span><\/strong><\/div>\n\n<div><span style=\"font-size: 15px;\">&nbsp;<\/span><\/div>\n\n<div><span style=\"font-size: 15px;\">Here are a number of characteristics that may or may not apply to you. For example, do you agree that you are someone who likes to spend time with others? Please select a response to indicate the extent to which you agree or disagree with each statement.<\/span><\/div>\n\n<div><span style=\"font-size: 15px;\">&nbsp;<\/span><\/div>\n\n<div><em><strong><span style=\"font-size: 15px;\">I am someone who...<\/span><\/strong><\/em><\/div>","DefaultChoices":false,"DataExportTag":"BFI-2-XS","QuestionType":"Matrix","Selector":"Likert","SubSelector":"SingleAnswer","DataVisibility":{"Private":false,"Hidden":false},"Configuration":{"QuestionDescriptionOption":"UseText","TextPosition":"inline","ChoiceColumnWidth":25,"RepeatHeaders":"middle","WhiteSpace":"OFF","MobileFirst":true},"QuestionDescription":"Your Personality \u00a0 Here are a number of characteristics that may or may not apply to you. For exa...","Choices":{"1":{"Display":"Tends to be quiet."},"2":{"Display":"Is compassionate, has a soft heart."},"3":{"Display":"Tends to be disorganized."},"4":{"Display":"Worries a lot."},"5":{"Display":"Is fascinated by art, music, or literature."},"6":{"Display":"Is dominant, acts as a leader."},"7":{"Display":"Is sometimes rude to others."},"8":{"Display":"Has difficulty getting started on tasks."},"9":{"Display":"Tends to feel depressed, blue."},"10":{"Display":"Has little interest in abstract ideas."},"11":{"Display":"Is full of energy."},"12":{"Display":"Assumes the best about people."},"13":{"Display":"Is reliable, can always be counted on."},"14":{"Display":"Is emotionally stable, not easily upset."},"15":{"Display":"Is original, comes up with new ideas."}},"ChoiceOrder":[1,2,3,4,5,6,7,8,9,10,11,12,13,14,15],"Randomization":{"Advanced":null,"Type":"All","TotalRandSubset":""},"Validation":{"Settings":{"ForceResponse":"RequestResponse","ForceResponseType":"RequestResponse","Type":"None"}},"GradingData":[],"Language":[],"NextChoiceId":16,"NextAnswerId":6,"Answers":{"1":{"Display":"Disagree strongly"},"2":{"Display":"Disagree a little"},"3":{"Display":"Neutral; no opinion"},"4":{"Display":"Agree a little"},"5":{"Display":"Agree strongly"}},"AnswerOrder":[1,2,3,4,5],"ChoiceDataExportTags":false,"QuestionID":"QID4"}}]}